{
    "_readme": [
        "This file locks the dependencies of your project to a known state",
        "Read more about it at http://getcomposer.org/doc/01-basic-usage.md#composer-lock-the-lock-file"
    ],
    "hash": "c3ab4f1c5f1122d63827bddcb6b91986",
    "packages": [
        {
            "name": "atukai/at-php-settings",
            "version": "dev-master",
            "source": {
                "type": "git",
                "url": "https://github.com/atukai/AtPhpSettings.git",
                "reference": "a7ebe96bbf32a27573604564ec3854304242adaf"
            },
            "dist": {
                "type": "zip",
                "url": "https://api.github.com/repos/atukai/AtPhpSettings/zipball/a7ebe96bbf32a27573604564ec3854304242adaf",
                "reference": "a7ebe96bbf32a27573604564ec3854304242adaf",
                "shasum": ""
            },
            "require": {
                "zendframework/zendframework": "2.*"
            },
            "type": "library",
            "autoload": {
                "psr-0": {
                    "AtPhpSettings\\": "src/"
                },
                "classmap": [
                    "./Module.php"
                ]
            },
            "notification-url": "https://packagist.org/downloads/",
            "authors": [
                {
                    "name": "Alexander Tukai",
                    "email": "atukai@gmail.com",
                    "homepage": "https://github.com/atukai"
                }
            ],
            "description": "A ZF2 module for managing php settings.",
            "homepage": "https://github.com/atukai/AtPhpSettings",
            "keywords": [
                "AtPhpSettings",
                "Settings",
                "at",
                "atukai",
                "php",
                "zf2"
            ],
            "time": "2014-01-15 21:38:22"
        },
        {
            "name": "bjyoungblood/bjy-authorize",
            "version": "dev-master",
            "source": {
                "type": "git",
                "url": "https://github.com/bjyoungblood/BjyAuthorize.git",
                "reference": "bf31161bf598532cf98dbb0a3a7f7b8efb29bb21"
            },
            "dist": {
                "type": "zip",
                "url": "https://api.github.com/repos/bjyoungblood/BjyAuthorize/zipball/bf31161bf598532cf98dbb0a3a7f7b8efb29bb21",
                "reference": "bf31161bf598532cf98dbb0a3a7f7b8efb29bb21",
                "shasum": ""
            },
            "require": {
                "php": ">=5.3.3",
                "zendframework/zend-cache": "~2.2",
                "zendframework/zend-eventmanager": "~2.2",
                "zendframework/zend-http": "~2.2",
                "zendframework/zend-mvc": "~2.2",
                "zendframework/zend-permissions-acl": "~2.2",
                "zendframework/zend-servicemanager": "~2.2",
                "zendframework/zend-view": "~2.2"
            },
            "require-dev": {
                "doctrine/common": ">=2.3,<2.5-dev",
                "phpunit/phpunit": "~3.7",
                "satooshi/php-coveralls": "~0.6",
                "squizlabs/php_codesniffer": "1.4.*",
                "zendframework/zend-developer-tools": "0.*",
                "zf-commons/zfc-user": "0.*"
            },
            "type": "library",
            "extra": {
                "branch-alias": {
                    "dev-master": "1.5-dev"
                }
            },
            "autoload": {
                "psr-0": {
                    "BjyAuthorize\\": "src/"
                }
            },
            "notification-url": "https://packagist.org/downloads/",
            "license": [
                "BSD-3-Clause"
            ],
            "authors": [
                {
                    "name": "Marco Pivetta",
                    "email": "ocramius@gmail.com",
                    "homepage": "http://ocramius.github.com/",
                    "role": "Developer"
                },
                {
                    "name": "Ben Youngblood",
                    "email": "bx.youngblood@gmail.com",
                    "homepage": "http://bjyoungblood.com/",
                    "role": "Developer"
                }
            ],
            "description": "Zend\\Acl based firewall system for ZF2 dispatch protection",
            "homepage": "https://github.com/bjyoungblood/BjyAuthorize",
            "keywords": [
                "acl",
                "zf2",
                "zfc-user"
            ],
            "time": "2014-04-03 17:12:07"
        },
        {
            "name": "dafap/dafap-layout",
            "version": "dev-master",
            "source": {
                "type": "git",
                "url": "https://github.com/dafap/DafapLayout.git",
                "reference": "569d767b7b4d5bf06c16ffb3e88eb5cae414f9c3"
            },
            "require": {
                "zendframework/zendframework": "2.*"
            },
            "type": "library",
            "autoload": {
                "psr-0": {
                    "DafapLayout\\": "src/"
                },
                "classmap": [
                    "./Module.php"
                ]
            },
            "authors": [
                {
                    "name": "Alain Pomirol",
                    "email": "pomirol@gmail.com"
                }
            ],
            "description": "A ZF2 module for managing layouts.",
            "homepage": "https://github.com/dafap/DafapLayout",
            "keywords": [
                "dafap",
                "layout",
                "php",
                "zf2"
            ],
            "time": "2014-05-01 15:22:18"
        },
        {
            "name": "zendframework/zendframework",
            "version": "2.3.1",
            "source": {
                "type": "git",
                "url": "https://github.com/zendframework/zf2.git",
                "reference": "055eac4314425c291f3ef0e104a6196a8fc24cd5"
            },
            "dist": {
                "type": "zip",
                "url": "https://api.github.com/repos/zendframework/zf2/zipball/055eac4314425c291f3ef0e104a6196a8fc24cd5",
                "reference": "055eac4314425c291f3ef0e104a6196a8fc24cd5",
                "shasum": ""
            },
            "require": {
                "php": ">=5.3.23",
                "zendframework/zendxml": "~1.0-dev"
            },
            "replace": {
                "zendframework/zend-authentication": "self.version",
                "zendframework/zend-barcode": "self.version",
                "zendframework/zend-cache": "self.version",
                "zendframework/zend-captcha": "self.version",
                "zendframework/zend-code": "self.version",
                "zendframework/zend-config": "self.version",
                "zendframework/zend-console": "self.version",
                "zendframework/zend-crypt": "self.version",
                "zendframework/zend-db": "self.version",
                "zendframework/zend-debug": "self.version",
                "zendframework/zend-di": "self.version",
                "zendframework/zend-dom": "self.version",
                "zendframework/zend-escaper": "self.version",
                "zendframework/zend-eventmanager": "self.version",
                "zendframework/zend-feed": "self.version",
                "zendframework/zend-file": "self.version",
                "zendframework/zend-filter": "self.version",
                "zendframework/zend-form": "self.version",
                "zendframework/zend-http": "self.version",
                "zendframework/zend-i18n": "self.version",
                "zendframework/zend-inputfilter": "self.version",
                "zendframework/zend-json": "self.version",
                "zendframework/zend-ldap": "self.version",
                "zendframework/zend-loader": "self.version",
                "zendframework/zend-log": "self.version",
                "zendframework/zend-mail": "self.version",
                "zendframework/zend-math": "self.version",
                "zendframework/zend-memory": "self.version",
                "zendframework/zend-mime": "self.version",
                "zendframework/zend-modulemanager": "self.version",
                "zendframework/zend-mvc": "self.version",
                "zendframework/zend-navigation": "self.version",
                "zendframework/zend-paginator": "self.version",
                "zendframework/zend-permissions-acl": "self.version",
                "zendframework/zend-permissions-rbac": "self.version",
                "zendframework/zend-progressbar": "self.version",
                "zendframework/zend-resources": "self.version",
                "zendframework/zend-serializer": "self.version",
                "zendframework/zend-server": "self.version",
                "zendframework/zend-servicemanager": "self.version",
                "zendframework/zend-session": "self.version",
                "zendframework/zend-soap": "self.version",
                "zendframework/zend-stdlib": "self.version",
                "zendframework/zend-tag": "self.version",
                "zendframework/zend-test": "self.version",
                "zendframework/zend-text": "self.version",
                "zendframework/zend-uri": "self.version",
                "zendframework/zend-validator": "self.version",
                "zendframework/zend-version": "self.version",
                "zendframework/zend-view": "self.version",
                "zendframework/zend-xmlrpc": "self.version"
            },
            "require-dev": {
                "doctrine/annotations": ">=1.0",
                "fabpot/php-cs-fixer": "*@dev",
                "ircmaxell/random-lib": "dev-master",
                "ircmaxell/security-lib": "dev-master",
                "mikey179/vfsstream": "1.2.*",
                "phpunit/phpunit": "3.7.*",
                "satooshi/php-coveralls": "dev-master",
                "sebastianbergmann/phpcov": "1.1.0"
            },
            "suggest": {
                "doctrine/annotations": "Doctrine Annotations >=1.0 for annotation features",
                "ext-intl": "ext/intl for i18n features (included in default builds of PHP)",
                "ircmaxell/random-lib": "Fallback random byte generator for Zend\\Math\\Rand if OpenSSL/Mcrypt extensions are unavailable",
                "ocramius/proxy-manager": "ProxyManager 0.5.* to handle lazy initialization of services",
                "zendframework/zendpdf": "ZendPdf for creating PDF representations of barcodes",
                "zendframework/zendservice-recaptcha": "ZendService\\ReCaptcha for rendering ReCaptchas in Zend\\Captcha and/or Zend\\Form"
            },
            "bin": [
                "bin/classmap_generator.php",
                "bin/pluginmap_generator.php",
                "bin/templatemap_generator.php"
            ],
            "type": "library",
            "extra": {
                "branch-alias": {
                    "dev-master": "2.3-dev",
                    "dev-develop": "2.4-dev"
                }
            },
            "autoload": {
                "psr-0": {
                    "Zend\\": "library/"
                }
            },
            "notification-url": "https://packagist.org/downloads/",
            "license": [
                "BSD-3-Clause"
            ],
            "description": "Zend Framework 2",
            "homepage": "http://framework.zend.com/",
            "keywords": [
                "framework",
                "zf2"
            ],
            "time": "2014-04-15 14:47:18"
        },
        {
            "name": "zendframework/zendxml",
            "version": "1.0.0",
            "source": {
                "type": "git",
                "url": "https://github.com/zendframework/ZendXml.git",
                "reference": "559b34f426d33a11c3db118e00ce14bb8dc64e5f"
            },
            "dist": {
                "type": "zip",
                "url": "https://api.github.com/repos/zendframework/ZendXml/zipball/559b34f426d33a11c3db118e00ce14bb8dc64e5f",
                "reference": "559b34f426d33a11c3db118e00ce14bb8dc64e5f",
                "shasum": ""
            },
            "require": {
                "php": ">=5.3.3"
            },
            "require-dev": {
                "fabpot/php-cs-fixer": "*@dev",
                "phpunit/phpunit": "~3.7"
            },
            "type": "library",
            "extra": {
                "branch-alias": {
                    "dev-master": "1.0-dev"
                }
            },
            "autoload": {
                "psr-0": {
                    "ZendXml": "library/"
                }
            },
            "notification-url": "https://packagist.org/downloads/",
            "license": [
                "BSD-3-Clause"
            ],
            "description": "Utility library for XML usage, best practices, and security in PHP",
            "homepage": "http://packages.zendframework.com/",
            "keywords": [
                "security",
                "xml",
                "zf2"
            ],
            "time": "2014-03-05 22:25:44"
        },
        {
            "name": "zf-commons/zfc-admin",
            "version": "dev-master",
            "source": {
                "type": "git",
                "url": "https://github.com/ZF-Commons/ZfcAdmin.git",
                "reference": "38425f306085901f0d6ab796aaae33b3847e0936"
            },
            "dist": {
                "type": "zip",
                "url": "https://api.github.com/repos/ZF-Commons/ZfcAdmin/zipball/38425f306085901f0d6ab796aaae33b3847e0936",
                "reference": "38425f306085901f0d6ab796aaae33b3847e0936",
                "shasum": ""
            },
            "require": {
                "php": ">=5.3.3",
                "zendframework/zendframework": "2.*"
            },
            "suggest": {
                "bjyoungblood/bjy-authorize": "Access control to protect ZfcAdmin against unauthorized users"
            },
            "type": "library",
            "autoload": {
                "psr-0": {
                    "ZfcAdmin": "src/"
                },
                "classmap": [
                    "./Module.php"
                ]
            },
            "notification-url": "https://packagist.org/downloads/",
            "license": [
                "BSD-3-Clause"
            ],
            "authors": [
                {
                    "name": "Jurian Sluiman ",
                    "email": "jurian@juriansluiman.nl",
                    "homepage": "http://juriansluiman.nl/en/"
                },
                {
                    "name": "Martin Shwalbe",
                    "email": "martin.shwalbe@gmail.com",
                    "homepage": "http://hounddog.github.io"
                }
            ],
            "description": "A generic Admin module for ZF2.",
            "homepage": "https://github.com/juriansluiman/ZfcAdmin",
            "keywords": [
                "zf2"
            ],
            "time": "2014-04-15 07:08:25"
        },
        {
            "name": "zf-commons/zfc-base",
            "version": "v0.1.2",
            "source": {
                "type": "git",
                "url": "https://github.com/ZF-Commons/ZfcBase.git",
                "reference": "fc68a49b58ba68584a9a4c44a1ca9df12b30d1bf"
            },
            "dist": {
                "type": "zip",
                "url": "https://api.github.com/repos/ZF-Commons/ZfcBase/zipball/fc68a49b58ba68584a9a4c44a1ca9df12b30d1bf",
                "reference": "fc68a49b58ba68584a9a4c44a1ca9df12b30d1bf",
                "shasum": ""
            },
            "require": {
                "php": ">=5.3.3",
                "zendframework/zend-db": "~2.1",
                "zendframework/zend-eventmanager": "~2.1",
                "zendframework/zend-loader": "~2.1",
                "zendframework/zend-modulemanager": "~2.1",
                "zendframework/zend-mvc": "~2.1",
                "zendframework/zend-servicemanager": "~2.1",
                "zendframework/zend-stdlib": "~2.1"
            },
            "type": "library",
            "autoload": {
                "psr-0": {
                    "ZfcBase": "src/"
                },
                "classmap": [
                    "./Module.php"
                ]
            },
            "notification-url": "https://packagist.org/downloads/",
            "authors": [
                {
                    "name": "Kyle Spraggs",
                    "email": "theman@spiffyjr.me",
                    "homepage": "http://www.spiffyjr.me/"
                },
                {
                    "name": "Evan Coury",
                    "email": "me@evancoury.com",
                    "homepage": "http://blog.evan.pro/"
                }
            ],
            "description": "A set of genetic (abstract) classes which are commonly used across multiple modules.",
            "homepage": "https://github.com/ZF-Commons/ZfcBase",
            "keywords": [
                "zf2"
            ],
            "time": "2013-05-02 12:33:49"
        },
        {
            "name": "zf-commons/zfc-user",
            "version": "dev-master",
            "source": {
                "type": "git",
                "url": "https://github.com/ZF-Commons/ZfcUser.git",
                "reference": "70eb1db55e33e50f17030674e0353247b3e115c4"
            },
            "dist": {
                "type": "zip",
                "url": "https://api.github.com/repos/ZF-Commons/ZfcUser/zipball/70eb1db55e33e50f17030674e0353247b3e115c4",
                "reference": "70eb1db55e33e50f17030674e0353247b3e115c4",
                "shasum": ""
            },
            "require": {
                "php": ">=5.3.3",
                "zendframework/zend-authentication": "~2.1",
                "zendframework/zend-crypt": "~2.1",
                "zendframework/zend-form": "~2.1",
                "zendframework/zend-http": "~2.1",
                "zendframework/zend-inputfilter": "~2.1",
                "zendframework/zend-loader": "~2.1",
                "zendframework/zend-modulemanager": "~2.1",
                "zendframework/zend-mvc": "~2.1",
                "zendframework/zend-servicemanager": "~2.1",
                "zendframework/zend-session": "~2.1",
                "zendframework/zend-stdlib": "~2.1",
                "zendframework/zend-validator": "~2.1",
                "zendframework/zend-view": "~2.1",
                "zf-commons/zfc-base": "0.*"
            },
            "require-dev": {
                "phpmd/phpmd": "1.4.*",
                "phpunit/phpunit": ">=3.7,<4",
                "squizlabs/php_codesniffer": "1.4.*",
                "zendframework/zend-captcha": "~2.1"
            },
            "suggest": {
                "zendframework/zend-captcha": "Zend\\Captcha if you want to use the captcha component"
            },
            "type": "library",
            "extra": {
                "branch-alias": {
                    "dev-master": "0.1.x-dev"
                }
            },
            "autoload": {
                "psr-0": {
                    "ZfcUser": "src/"
                },
                "classmap": [
                    "./Module.php"
                ]
            },
            "notification-url": "https://packagist.org/downloads/",
            "license": [
                "BSD-3-Clause"
            ],
            "authors": [
                {
                    "name": "Kyle Spraggs",
                    "email": "theman@spiffyjr.me",
                    "homepage": "http://www.spiffyjr.me/"
                },
                {
                    "name": "Evan Coury",
                    "email": "me@evancoury.com",
                    "homepage": "http://blog.evan.pro/"
                }
            ],
            "description": "A generic user registration and authentication module for ZF2. Supports Zend\\Db and Doctrine2.",
            "homepage": "https://github.com/ZF-Commons/ZfcUser",
            "keywords": [
                "zf2"
            ],
            "time": "2014-04-23 21:29:54"
        }
    ],
    "packages-dev": [
        {
            "name": "bjyoungblood/bjy-profiler",
            "version": "dev-master",
            "source": {
                "type": "git",
                "url": "https://github.com/bjyoungblood/BjyProfiler.git",
                "reference": "b08b65a479e7fcdbfae9442fbda8e4ec7fb5852b"
            },
            "dist": {
                "type": "zip",
                "url": "https://api.github.com/repos/bjyoungblood/BjyProfiler/zipball/b08b65a479e7fcdbfae9442fbda8e4ec7fb5852b",
                "reference": "b08b65a479e7fcdbfae9442fbda8e4ec7fb5852b",
                "shasum": ""
            },
            "require": {
                "php": ">=5.3",
                "zendframework/zend-db": ">=2.1.0"
            },
            "type": "library",
            "autoload": {
                "psr-0": {
                    "BjyProfiler": "src/"
                },
                "classmap": [
                    "./Module.php"
                ]
            },
            "notification-url": "https://packagist.org/downloads/",
            "license": [
                "MIT"
            ],
            "authors": [
                {
                    "name": "Ben Youngblood",
                    "email": "bx.youngblood@gmail.com",
                    "homepage": "http://bjyoungblood.com/",
                    "role": "Developer"
                }
            ],
            "description": "Database profiler for Zend\\Db (also plugin for ZendDeveloperTools)",
            "homepage": "https://github.com/bjyoungblood/BjyProfiler",
            "keywords": [
                "db",
                "profiler",
                "zdt",
                "zf2"
            ],
            "time": "2014-04-17 14:44:15"
        },
        {
            "name": "zendframework/zend-developer-tools",
            "version": "dev-master",
            "source": {
                "type": "git",
                "url": "https://github.com/zendframework/ZendDeveloperTools.git",
                "reference": "26af0e670ee7e94bd114b33ce022d5d646fb8117"
            },
            "dist": {
                "type": "zip",
                "url": "https://api.github.com/repos/zendframework/ZendDeveloperTools/zipball/26af0e670ee7e94bd114b33ce022d5d646fb8117",
                "reference": "26af0e670ee7e94bd114b33ce022d5d646fb8117",
                "shasum": ""
            },
            "require": {
                "php": ">=5.3.3",
                "zendframework/zend-debug": "2.*",
                "zendframework/zend-eventmanager": "2.*",
                "zendframework/zend-mvc": "2.*",
                "zendframework/zend-servicemanager": "2.*",
                "zendframework/zend-stdlib": "2.*",
                "zendframework/zend-version": "2.*"
            },
            "suggest": {
                "bjyoungblood/bjy-profiler": "Version: dev-master, allows the usage of the (Zend) Db collector.",
                "ocramius/ocra-service-manager": "OcraServiceManager can help you track dependencies within your application."
            },
            "type": "zf-module",
            "autoload": {
                "psr-0": {
                    "ZendDeveloperTools": "src/"
                },
                "classmap": [
                    "./Module.php"
                ]
            },
            "notification-url": "https://packagist.org/downloads/",
            "license": [
                "BSD-3-Clause"
            ],
            "authors": [
                {
                    "name": "Evan Coury",
                    "email": "me@evancoury.com",
                    "homepage": "http://blog.evan.pro/"
                },
                {
                    "name": "Eric Boh",
                    "email": "cossish@gmail.com"
                }
            ],
            "description": "Module for developer and debug tools for working with the ZF2 MVC layer.",
            "homepage": "https://github.com/zendframework/ZendDeveloperTools",
            "keywords": [
                "debug",
                "developer",
                "module",
                "zf2"
            ],
            "time": "2014-04-28 13:31:11"
        },
        {
            "name": "zendframework/zenddiagnostics",
            "version": "v1.0.2",
            "source": {
                "type": "git",
                "url": "https://github.com/zendframework/ZendDiagnostics.git",
                "reference": "a39a48e0fc3a28977087dec08399c923e87b4b7a"
            },
            "dist": {
                "type": "zip",
                "url": "https://api.github.com/repos/zendframework/ZendDiagnostics/zipball/a39a48e0fc3a28977087dec08399c923e87b4b7a",
                "reference": "a39a48e0fc3a28977087dec08399c923e87b4b7a",
                "shasum": ""
            },
            "require": {
                "php": ">=5.3.3"
            },
            "require-dev": {
                "guzzle/http": "3.*",
                "guzzle/plugin-mock": "3.*",
                "predis/predis": "0.8.*",
                "sensiolabs/security-checker": "1.3.*@dev",
                "symfony/yaml": "v2.3.11",
                "videlalvaro/php-amqplib": "2.*",
                "zendframework/zend-loader": "2.*"
            },
            "suggest": {
                "ext-bcmath": "Required by Check\\CpuPerformance",
                "guzzle/http": "Required by Check\\GuzzleHttpService",
                "predis/predis": "Required by Check\\Redis",
                "sensiolabs/security-checker": "Required by Check\\SecurityAdvisory",
                "symfony/yaml": "Required by Check\\YamlFile",
                "videlalvaro/php-amqplib": "Required by Check\\RabbitMQ"
            },
            "type": "library",
            "extra": {
                "branch-alias": {
                    "dev-master": "1.0.x-dev"
                }
            },
            "autoload": {
                "psr-0": {
                    "ZendDiagnostics\\": "src/",
                    "ZendDiagnosticsTest\\": "tests/"
                }
            },
            "notification-url": "https://packagist.org/downloads/",
            "license": [
                "BSD-3-Clause"
            ],
            "description": "A set of components for performing diagnostic tests in PHP applications",
            "homepage": "https://github.com/zendframework/ZendDiagnostics",
            "keywords": [
                "diagnostics",
                "php",
                "test"
            ],
            "time": "2014-04-15 19:03:28"
        },
        {
            "name": "zendframework/zftool",
            "version": "dev-master",
            "source": {
                "type": "git",
                "url": "https://github.com/zendframework/ZFTool.git",
                "reference": "8bab848834bfc48fef2f4b3e874ddd3760fb9e0d"
            },
            "dist": {
                "type": "zip",
                "url": "https://api.github.com/repos/zendframework/ZFTool/zipball/8bab848834bfc48fef2f4b3e874ddd3760fb9e0d",
                "reference": "8bab848834bfc48fef2f4b3e874ddd3760fb9e0d",
                "shasum": ""
            },
            "require": {
                "php": ">=5.3.3",
                "zendframework/zend-code": ">=2.2.2",
                "zendframework/zend-config": ">=2.2.2",
                "zendframework/zend-console": ">=2.2.2",
                "zendframework/zend-file": ">=2.2.2",
                "zendframework/zend-form": ">=2.2.2",
                "zendframework/zend-http": ">=2.2.2",
                "zendframework/zend-loader": ">=2.2.2",
                "zendframework/zend-modulemanager": ">=2.2.2",
                "zendframework/zend-mvc": ">=2.2.2",
                "zendframework/zend-serializer": ">=2.2.2",
                "zendframework/zend-servicemanager": ">=2.2.2",
                "zendframework/zend-stdlib": ">=2.2.2",
                "zendframework/zend-text": ">=2.2.2",
                "zendframework/zend-version": ">=2.2.2",
                "zendframework/zend-view": ">=2.2.2",
                "zendframework/zenddiagnostics": ">=1.0.0"
            },
            "bin": [
                "zf.php"
            ],
            "type": "library",
            "autoload": {
                "psr-0": {
                    "ZFTool\\": "src/"
                }
            },
            "notification-url": "https://packagist.org/downloads/",
            "license": [
                "BSD-3-Clause"
            ],
            "description": "Utility module for Zend Framework 2 applications.",
            "homepage": "http://framework.zend.com/",
            "keywords": [
                "tool",
                "zf2"
            ],
            "time": "2014-04-22 18:35:37"
        }
    ],
    "aliases": [

    ],
    "minimum-stability": "stable",
    "stability-flags": {
        "dafap/dafap-layout": 20,
        "atukai/at-php-settings": 20,
        "bjyoungblood/bjy-authorize": 20,
        "zf-commons/zfc-user": 20,
        "zf-commons/zfc-admin": 20,
        "zendframework/zftool": 20,
        "bjyoungblood/bjy-profiler": 20,
        "zendframework/zend-developer-tools": 20
    },
    "platform": {
        "php": ">=5.3.3"
    },
    "platform-dev": [

    ]
}
